{
  "name": "demo",
  "version": "1.0.0",
  "lockfileVersion": 3,
  "requires": true,
  "packages": {
    "": {
      "name": "demo",
      "version": "1.0.0",
      "license": "ISC",
      "dependencies": {
        "ai-module": "file:../ai-module/ai-module"
      }
    },
    "../ai-module/ai-module": {},
    "../ai-module/ai-module.js": {
      "extraneous": true
    },
    "node_modules/ai-module": {
      "resolved": "../ai-module/ai-module",
      "link": true
    }
  }
}
